
Microsoft Visual Studio Solution File, Format Version 12.00
# Visual Studio Version 17
VisualStudioVersion = 17.0.31919.166
MinimumVisualStudioVersion = 10.0.40219.1
Project("{9A19103F-16F7-4668-BE54-9A1E7A4F7556}") = "Models", "Models\Models.csproj", "{9751FE18-2DC0-4DA6-84D9-C4A02D731909}"
EndProject
Project("{9A19103F-16F7-4668-BE54-9A1E7A4F7556}") = "Functions", "Functions\Functions.csproj", "{485120E5-BE72-4827-9875-700E8D8CCB11}"
EndProject
Project("{9A19103F-16F7-4668-BE54-9A1E7A4F7556}") = "Database", "Database\Database.csproj", "{89BD9EEA-C90A-4186-A3ED-2F33CBA10EA4}"
EndProject
Project("{2150E333-8FDC-42A3-9474-1A3956D46DE8}") = "Solution Items", "Solution Items", "{5B306815-23B7-4443-BBED-9323E9D8D224}"
	ProjectSection(SolutionItems) = preProject
		.editorconfig = .editorconfig
	EndProjectSection
EndProject
Project("{2150E333-8FDC-42A3-9474-1A3956D46DE8}") = "1. Clients", "1. Clients", "{A3A43909-D23B-4DFA-9A3B-283E1377911E}"
EndProject
Project("{2150E333-8FDC-42A3-9474-1A3956D46DE8}") = "2. Core", "2. Core", "{598474DC-6B64-40EA-AA5B-1258853EFE47}"
EndProject
Project("{2150E333-8FDC-42A3-9474-1A3956D46DE8}") = "1.1 Persistence", "1.1 Persistence", "{96858A3D-8CFA-4C9C-A3E0-A63D1744B3D5}"
EndProject
Project("{2150E333-8FDC-42A3-9474-1A3956D46DE8}") = "1.2 Services", "1.2 Services", "{A394F3E2-A527-4125-B2BE-97798DC43AC6}"
EndProject
Project("{9A19103F-16F7-4668-BE54-9A1E7A4F7556}") = "EfMigrations", "EfMigrations\EfMigrations.csproj", "{E21E1F59-40CC-4933-A16B-7A312685851B}"
EndProject
Project("{9A19103F-16F7-4668-BE54-9A1E7A4F7556}") = "BookingLogic", "BookingLogic\BookingLogic.csproj", "{58B65101-2E2C-4182-AD07-66683B77B90A}"
EndProject
Project("{9A19103F-16F7-4668-BE54-9A1E7A4F7556}") = "Common", "Common\Common.csproj", "{3E174654-876A-4D9E-8BF1-6CBA6F720B17}"
EndProject
Project("{9A19103F-16F7-4668-BE54-9A1E7A4F7556}") = "Auth", "Auth\Auth.csproj", "{221BDD30-B65A-4FE6-B5B8-4DBA4EDF38CE}"
EndProject
Project("{2150E333-8FDC-42A3-9474-1A3956D46DE8}") = "3. Tests", "3. Tests", "{759F25E1-C1A2-406D-93B1-472E52559E28}"
EndProject
Project("{9A19103F-16F7-4668-BE54-9A1E7A4F7556}") = "UnitTests", "UnitTests\UnitTests.csproj", "{D3D60BDD-CFF2-4A32-8600-5F0094FFAC10}"
EndProject
Project("{9A19103F-16F7-4668-BE54-9A1E7A4F7556}") = "IntegrationTests", "IntegrationTests\IntegrationTests.csproj", "{0AF9C136-F7FB-49FD-AA59-138A10985499}"
EndProject
Project("{9A19103F-16F7-4668-BE54-9A1E7A4F7556}") = "StorageServices", "StorageServices\StorageServices.csproj", "{33CA2A08-E495-4C44-BEA8-EF375E823DF0}"
EndProject
Project("{9A19103F-16F7-4668-BE54-9A1E7A4F7556}") = "API", "API\API.csproj", "{626CF8DC-5679-42DF-B458-AAAE48EB55CB}"
EndProject
Project("{9A19103F-16F7-4668-BE54-9A1E7A4F7556}") = "BlazorComponents", "BlazorComponents\BlazorComponents.csproj", "{D88CDB43-559A-4700-A528-670D8328D180}"
EndProject
Project("{9A19103F-16F7-4668-BE54-9A1E7A4F7556}") = "BookingsGUI.Blazor", "BookingsGUI.Blazor\BookingsGUI.Blazor.csproj", "{C1131470-7F61-4B39-A38C-8CDB6066B515}"
EndProject
Global
	GlobalSection(SolutionConfigurationPlatforms) = preSolution
		Debug|Any CPU = Debug|Any CPU
		Release|Any CPU = Release|Any CPU
	EndGlobalSection
	GlobalSection(ProjectConfigurationPlatforms) = postSolution
		{9751FE18-2DC0-4DA6-84D9-C4A02D731909}.Debug|Any CPU.ActiveCfg = Debug|Any CPU
		{9751FE18-2DC0-4DA6-84D9-C4A02D731909}.Debug|Any CPU.Build.0 = Debug|Any CPU
		{9751FE18-2DC0-4DA6-84D9-C4A02D731909}.Release|Any CPU.ActiveCfg = Release|Any CPU
		{9751FE18-2DC0-4DA6-84D9-C4A02D731909}.Release|Any CPU.Build.0 = Release|Any CPU
		{485120E5-BE72-4827-9875-700E8D8CCB11}.Debug|Any CPU.ActiveCfg = Debug|Any CPU
		{485120E5-BE72-4827-9875-700E8D8CCB11}.Debug|Any CPU.Build.0 = Debug|Any CPU
		{485120E5-BE72-4827-9875-700E8D8CCB11}.Release|Any CPU.ActiveCfg = Release|Any CPU
		{485120E5-BE72-4827-9875-700E8D8CCB11}.Release|Any CPU.Build.0 = Release|Any CPU
		{89BD9EEA-C90A-4186-A3ED-2F33CBA10EA4}.Debug|Any CPU.ActiveCfg = Debug|Any CPU
		{89BD9EEA-C90A-4186-A3ED-2F33CBA10EA4}.Debug|Any CPU.Build.0 = Debug|Any CPU
		{89BD9EEA-C90A-4186-A3ED-2F33CBA10EA4}.Release|Any CPU.ActiveCfg = Release|Any CPU
		{89BD9EEA-C90A-4186-A3ED-2F33CBA10EA4}.Release|Any CPU.Build.0 = Release|Any CPU
		{E21E1F59-40CC-4933-A16B-7A312685851B}.Debug|Any CPU.ActiveCfg = Debug|Any CPU
		{E21E1F59-40CC-4933-A16B-7A312685851B}.Debug|Any CPU.Build.0 = Debug|Any CPU
		{E21E1F59-40CC-4933-A16B-7A312685851B}.Release|Any CPU.ActiveCfg = Release|Any CPU
		{E21E1F59-40CC-4933-A16B-7A312685851B}.Release|Any CPU.Build.0 = Release|Any CPU
		{58B65101-2E2C-4182-AD07-66683B77B90A}.Debug|Any CPU.ActiveCfg = Debug|Any CPU
		{58B65101-2E2C-4182-AD07-66683B77B90A}.Debug|Any CPU.Build.0 = Debug|Any CPU
		{58B65101-2E2C-4182-AD07-66683B77B90A}.Release|Any CPU.ActiveCfg = Release|Any CPU
		{58B65101-2E2C-4182-AD07-66683B77B90A}.Release|Any CPU.Build.0 = Release|Any CPU
		{3E174654-876A-4D9E-8BF1-6CBA6F720B17}.Debug|Any CPU.ActiveCfg = Debug|Any CPU
		{3E174654-876A-4D9E-8BF1-6CBA6F720B17}.Debug|Any CPU.Build.0 = Debug|Any CPU
		{3E174654-876A-4D9E-8BF1-6CBA6F720B17}.Release|Any CPU.ActiveCfg = Release|Any CPU
		{3E174654-876A-4D9E-8BF1-6CBA6F720B17}.Release|Any CPU.Build.0 = Release|Any CPU
		{221BDD30-B65A-4FE6-B5B8-4DBA4EDF38CE}.Debug|Any CPU.ActiveCfg = Debug|Any CPU
		{221BDD30-B65A-4FE6-B5B8-4DBA4EDF38CE}.Debug|Any CPU.Build.0 = Debug|Any CPU
		{221BDD30-B65A-4FE6-B5B8-4DBA4EDF38CE}.Release|Any CPU.ActiveCfg = Release|Any CPU
		{221BDD30-B65A-4FE6-B5B8-4DBA4EDF38CE}.Release|Any CPU.Build.0 = Release|Any CPU
		{D3D60BDD-CFF2-4A32-8600-5F0094FFAC10}.Debug|Any CPU.ActiveCfg = Debug|Any CPU
		{D3D60BDD-CFF2-4A32-8600-5F0094FFAC10}.Debug|Any CPU.Build.0 = Debug|Any CPU
		{D3D60BDD-CFF2-4A32-8600-5F0094FFAC10}.Release|Any CPU.ActiveCfg = Release|Any CPU
		{D3D60BDD-CFF2-4A32-8600-5F0094FFAC10}.Release|Any CPU.Build.0 = Release|Any CPU
		{0AF9C136-F7FB-49FD-AA59-138A10985499}.Debug|Any CPU.ActiveCfg = Debug|Any CPU
		{0AF9C136-F7FB-49FD-AA59-138A10985499}.Debug|Any CPU.Build.0 = Debug|Any CPU
		{0AF9C136-F7FB-49FD-AA59-138A10985499}.Release|Any CPU.ActiveCfg = Release|Any CPU
		{0AF9C136-F7FB-49FD-AA59-138A10985499}.Release|Any CPU.Build.0 = Release|Any CPU
		{33CA2A08-E495-4C44-BEA8-EF375E823DF0}.Debug|Any CPU.ActiveCfg = Debug|Any CPU
		{33CA2A08-E495-4C44-BEA8-EF375E823DF0}.Debug|Any CPU.Build.0 = Debug|Any CPU
		{33CA2A08-E495-4C44-BEA8-EF375E823DF0}.Release|Any CPU.ActiveCfg = Release|Any CPU
		{33CA2A08-E495-4C44-BEA8-EF375E823DF0}.Release|Any CPU.Build.0 = Release|Any CPU
		{626CF8DC-5679-42DF-B458-AAAE48EB55CB}.Debug|Any CPU.ActiveCfg = Debug|Any CPU
		{626CF8DC-5679-42DF-B458-AAAE48EB55CB}.Debug|Any CPU.Build.0 = Debug|Any CPU
		{626CF8DC-5679-42DF-B458-AAAE48EB55CB}.Release|Any CPU.ActiveCfg = Release|Any CPU
		{626CF8DC-5679-42DF-B458-AAAE48EB55CB}.Release|Any CPU.Build.0 = Release|Any CPU
		{D88CDB43-559A-4700-A528-670D8328D180}.Debug|Any CPU.ActiveCfg = Debug|Any CPU
		{D88CDB43-559A-4700-A528-670D8328D180}.Debug|Any CPU.Build.0 = Debug|Any CPU
		{D88CDB43-559A-4700-A528-670D8328D180}.Release|Any CPU.ActiveCfg = Release|Any CPU
		{D88CDB43-559A-4700-A528-670D8328D180}.Release|Any CPU.Build.0 = Release|Any CPU
		{C1131470-7F61-4B39-A38C-8CDB6066B515}.Debug|Any CPU.ActiveCfg = Debug|Any CPU
		{C1131470-7F61-4B39-A38C-8CDB6066B515}.Debug|Any CPU.Build.0 = Debug|Any CPU
		{C1131470-7F61-4B39-A38C-8CDB6066B515}.Release|Any CPU.ActiveCfg = Release|Any CPU
		{C1131470-7F61-4B39-A38C-8CDB6066B515}.Release|Any CPU.Build.0 = Release|Any CPU
	EndGlobalSection
	GlobalSection(SolutionProperties) = preSolution
		HideSolutionNode = FALSE
	EndGlobalSection
	GlobalSection(NestedProjects) = preSolution
		{9751FE18-2DC0-4DA6-84D9-C4A02D731909} = {598474DC-6B64-40EA-AA5B-1258853EFE47}
		{485120E5-BE72-4827-9875-700E8D8CCB11} = {A3A43909-D23B-4DFA-9A3B-283E1377911E}
		{89BD9EEA-C90A-4186-A3ED-2F33CBA10EA4} = {96858A3D-8CFA-4C9C-A3E0-A63D1744B3D5}
		{E21E1F59-40CC-4933-A16B-7A312685851B} = {A3A43909-D23B-4DFA-9A3B-283E1377911E}
		{58B65101-2E2C-4182-AD07-66683B77B90A} = {598474DC-6B64-40EA-AA5B-1258853EFE47}
		{3E174654-876A-4D9E-8BF1-6CBA6F720B17} = {598474DC-6B64-40EA-AA5B-1258853EFE47}
		{221BDD30-B65A-4FE6-B5B8-4DBA4EDF38CE} = {A394F3E2-A527-4125-B2BE-97798DC43AC6}
		{D3D60BDD-CFF2-4A32-8600-5F0094FFAC10} = {759F25E1-C1A2-406D-93B1-472E52559E28}
		{0AF9C136-F7FB-49FD-AA59-138A10985499} = {759F25E1-C1A2-406D-93B1-472E52559E28}
		{33CA2A08-E495-4C44-BEA8-EF375E823DF0} = {A394F3E2-A527-4125-B2BE-97798DC43AC6}
		{626CF8DC-5679-42DF-B458-AAAE48EB55CB} = {A3A43909-D23B-4DFA-9A3B-283E1377911E}
		{D88CDB43-559A-4700-A528-670D8328D180} = {A3A43909-D23B-4DFA-9A3B-283E1377911E}
		{C1131470-7F61-4B39-A38C-8CDB6066B515} = {A3A43909-D23B-4DFA-9A3B-283E1377911E}
	EndGlobalSection
	GlobalSection(ExtensibilityGlobals) = postSolution
		SolutionGuid = {74160856-EC16-46D7-9F9C-20A920CA9FDE}
	EndGlobalSection
EndGlobal
